
Microsoft Visual Studio Solution File, Format Version 12.00
# Visual Studio 15
VisualStudioVersion = 15.0.27703.2042
MinimumVisualStudioVersion = 10.0.40219.1
Project("{FAE04EC0-301F-11D3-BF4B-00C04F79EFBC}") = "ContosoUniversity", "ContosoUniversity\ContosoUniversity.csproj", "{7A126387-4FD3-4EC7-A5A2-1A37854A1450}"
EndProject
Project("{FAE04EC0-301F-11D3-BF4B-00C04F79EFBC}") = "ContosoUniversity.Tests", "ContosoUniversity.Tests\ContosoUniversity.Tests.csproj", "{16F13ED1-2885-420A-AB70-12EC6E37A89B}"
EndProject
Global
	GlobalSection(SolutionConfigurationPlatforms) = preSolution
		Debug|Any CPU = Debug|Any CPU
		Release|Any CPU = Release|Any CPU
	EndGlobalSection
	GlobalSection(ProjectConfigurationPlatforms) = postSolution
		{7A126387-4FD3-4EC7-A5A2-1A37854A1450}.Debug|Any CPU.ActiveCfg = Debug|Any CPU
		{7A126387-4FD3-4EC7-A5A2-1A37854A1450}.Debug|Any CPU.Build.0 = Debug|Any CPU
		{7A126387-4FD3-4EC7-A5A2-1A37854A1450}.Release|Any CPU.ActiveCfg = Release|Any CPU
		{7A126387-4FD3-4EC7-A5A2-1A37854A1450}.Release|Any CPU.Build.0 = Release|Any CPU
		{16F13ED1-2885-420A-AB70-12EC6E37A89B}.Debug|Any CPU.ActiveCfg = Debug|Any CPU
		{16F13ED1-2885-420A-AB70-12EC6E37A89B}.Debug|Any CPU.Build.0 = Debug|Any CPU
		{16F13ED1-2885-420A-AB70-12EC6E37A89B}.Release|Any CPU.ActiveCfg = Release|Any CPU
		{16F13ED1-2885-420A-AB70-12EC6E37A89B}.Release|Any CPU.Build.0 = Release|Any CPU
	EndGlobalSection
	GlobalSection(SolutionProperties) = preSolution
		HideSolutionNode = FALSE
	EndGlobalSection
	GlobalSection(ExtensibilityGlobals) = postSolution
		SolutionGuid = {F22AB499-F04A-42C2-AB2E-F308ADB40BD9}
	EndGlobalSection
EndGlobal
